
Microsoft Visual Studio Solution File, Format Version 12.00
# Visual Studio Version 16
VisualStudioVersion = 16.0.30011.22
MinimumVisualStudioVersion = 10.0.40219.1
Project("{FAE04EC0-301F-11D3-BF4B-00C04F79EFBC}") = "WeiBoGiveNotice", "WeiBoGiveNotice\WeiBoGiveNotice.csproj", "{3EB547B3-C5F7-4F0F-9DDB-4930EA163FCE}"
EndProject
Project("{FAE04EC0-301F-11D3-BF4B-00C04F79EFBC}") = "WBGNKeygen", "WBGNKeygen\WBGNKeygen.csproj", "{9BC275D2-17DA-4853-925E-BCD44F8C22FE}"
EndProject
Project("{FAE04EC0-301F-11D3-BF4B-00C04F79EFBC}") = "ConsoleApp1", "ConsoleApp1\ConsoleApp1.csproj", "{97C8D5E3-B8BE-489E-B4F2-A714D561D598}"
EndProject
Global
	GlobalSection(SolutionConfigurationPlatforms) = preSolution
		Debug|Any CPU = Debug|Any CPU
		Release|Any CPU = Release|Any CPU
	EndGlobalSection
	GlobalSection(ProjectConfigurationPlatforms) = postSolution
		{3EB547B3-C5F7-4F0F-9DDB-4930EA163FCE}.Debug|Any CPU.ActiveCfg = Debug|Any CPU
		{3EB547B3-C5F7-4F0F-9DDB-4930EA163FCE}.Debug|Any CPU.Build.0 = Debug|Any CPU
		{3EB547B3-C5F7-4F0F-9DDB-4930EA163FCE}.Release|Any CPU.ActiveCfg = Release|Any CPU
		{3EB547B3-C5F7-4F0F-9DDB-4930EA163FCE}.Release|Any CPU.Build.0 = Release|Any CPU
		{9BC275D2-17DA-4853-925E-BCD44F8C22FE}.Debug|Any CPU.ActiveCfg = Debug|Any CPU
		{9BC275D2-17DA-4853-925E-BCD44F8C22FE}.Debug|Any CPU.Build.0 = Debug|Any CPU
		{9BC275D2-17DA-4853-925E-BCD44F8C22FE}.Release|Any CPU.ActiveCfg = Release|Any CPU
		{9BC275D2-17DA-4853-925E-BCD44F8C22FE}.Release|Any CPU.Build.0 = Release|Any CPU
		{97C8D5E3-B8BE-489E-B4F2-A714D561D598}.Debug|Any CPU.ActiveCfg = Debug|Any CPU
		{97C8D5E3-B8BE-489E-B4F2-A714D561D598}.Debug|Any CPU.Build.0 = Debug|Any CPU
		{97C8D5E3-B8BE-489E-B4F2-A714D561D598}.Release|Any CPU.ActiveCfg = Release|Any CPU
		{97C8D5E3-B8BE-489E-B4F2-A714D561D598}.Release|Any CPU.Build.0 = Release|Any CPU
	EndGlobalSection
	GlobalSection(SolutionProperties) = preSolution
		HideSolutionNode = FALSE
	EndGlobalSection
	GlobalSection(ExtensibilityGlobals) = postSolution
		SolutionGuid = {9B0B0136-DA03-4C99-8501-A4DA4C347648}
	EndGlobalSection
EndGlobal
